
Microsoft Visual Studio Solution File, Format Version 12.00
# Visual Studio Version 16
VisualStudioVersion = 16.0.30330.147
MinimumVisualStudioVersion = 10.0.40219.1
Project("{FAE04EC0-301F-11D3-BF4B-00C04F79EFBC}") = "Pregunta1", "Pregunta1\Pregunta1.csproj", "{7A121F28-D41F-46DC-9962-8619C3231BE9}"
EndProject
Project("{FAE04EC0-301F-11D3-BF4B-00C04F79EFBC}") = "UnitTestPregunta1", "UnitTestPregunta1\UnitTestPregunta1.csproj", "{BF01BFCB-1EA4-4E31-B27F-E99360D75A0D}"
EndProject
Global
	GlobalSection(SolutionConfigurationPlatforms) = preSolution
		Debug|Any CPU = Debug|Any CPU
		Release|Any CPU = Release|Any CPU
	EndGlobalSection
	GlobalSection(ProjectConfigurationPlatforms) = postSolution
		{7A121F28-D41F-46DC-9962-8619C3231BE9}.Debug|Any CPU.ActiveCfg = Debug|Any CPU
		{7A121F28-D41F-46DC-9962-8619C3231BE9}.Debug|Any CPU.Build.0 = Debug|Any CPU
		{7A121F28-D41F-46DC-9962-8619C3231BE9}.Release|Any CPU.ActiveCfg = Release|Any CPU
		{7A121F28-D41F-46DC-9962-8619C3231BE9}.Release|Any CPU.Build.0 = Release|Any CPU
		{BF01BFCB-1EA4-4E31-B27F-E99360D75A0D}.Debug|Any CPU.ActiveCfg = Debug|Any CPU
		{BF01BFCB-1EA4-4E31-B27F-E99360D75A0D}.Debug|Any CPU.Build.0 = Debug|Any CPU
		{BF01BFCB-1EA4-4E31-B27F-E99360D75A0D}.Release|Any CPU.ActiveCfg = Release|Any CPU
		{BF01BFCB-1EA4-4E31-B27F-E99360D75A0D}.Release|Any CPU.Build.0 = Release|Any CPU
	EndGlobalSection
	GlobalSection(SolutionProperties) = preSolution
		HideSolutionNode = FALSE
	EndGlobalSection
	GlobalSection(ExtensibilityGlobals) = postSolution
		SolutionGuid = {821059DD-5A54-4065-AEB7-090D0D00E732}
	EndGlobalSection
EndGlobal
